{
  "name": "MR-Reporting",
  "lockfileVersion": 3,
  "requires": true,
  "packages": {
    "": {
      "dependencies": {
        "@capacitor/storage": "^1.2.5"
      }
    },
    "node_modules/@capacitor/core": {
      "version": "3.9.0",
      "resolved": "https://registry.npmjs.org/@capacitor/core/-/core-3.9.0.tgz",
      "integrity": "sha512-j1lL0+/7stY8YhIq1Lm6xixvUqIn89vtyH5ZpJNNmcZ0kwz6K9eLkcG6fvq1UWMDgSVZg9JrRGSFhb4LLoYOsw==",
      "license": "MIT",
      "peer": true,
      "dependencies": {
        "tslib": "^2.1.0"
      }
    },
    "node_modules/@capacitor/storage": {
      "version": "1.2.5",
      "resolved": "https://registry.npmjs.org/@capacitor/storage/-/storage-1.2.5.tgz",
      "integrity": "sha512-pWhnw4U7wN/zFV4lA4BLMypSufTktCbk548Yk4whSb0KAq3R0mLfSubRIHkGdcPqQWCsM6g/zUuszurhz6ncWQ==",
      "deprecated": "package has been renamed to @capacitor/preferences",
      "license": "MIT",
      "peerDependencies": {
        "@capacitor/core": "^3.0.0"
      }
    },
    "node_modules/tslib": {
      "version": "2.8.1",
      "resolved": "https://registry.npmjs.org/tslib/-/tslib-2.8.1.tgz",
      "integrity": "sha512-oJFu94HQb+KVduSUQL7wnpmqnfmLsOA/nAh6b6EH0wCEoK0/mPeXU6c3wKDV83MkOuHPRHtSXKKU99IBazS/2w==",
      "license": "0BSD",
      "peer": true
    }
  }
}
